
Microsoft Visual Studio Solution File, Format Version 12.00
# Visual Studio Version 16
VisualStudioVersion = 16.0.31313.79
MinimumVisualStudioVersion = 10.0.40219.1
Project("{2150E333-8FDC-42A3-9474-1A3956D46DE8}") = "1-Infrastructure", "1-Infrastructure", "{55681B61-516B-4E35-A5D8-6A8BC09415C5}"
EndProject
Project("{9A19103F-16F7-4668-BE54-9A1E7A4F7556}") = "Homework.InfrastructureLayer", "Homework.InfrastructureLayer\Homework.InfrastructureLayer.csproj", "{D86FA8B7-15B9-4C8B-89DB-584993AD2338}"
EndProject
Project("{2150E333-8FDC-42A3-9474-1A3956D46DE8}") = "4-DomainLayer", "4-DomainLayer", "{FD260094-59F9-430B-8D09-77241E8EB037}"
EndProject
Project("{9A19103F-16F7-4668-BE54-9A1E7A4F7556}") = "Homework.DomainLayer.Domains.Task", "Homework.DomainLayer.Domains.Task\Homework.DomainLayer.Domains.Task.csproj", "{7385F524-BF1E-4C5F-BA3E-F8FC85ED110E}"
EndProject
Project("{2150E333-8FDC-42A3-9474-1A3956D46DE8}") = "5-Application", "5-Application", "{D57C9F6A-BB25-4F58-B608-EAC917512697}"
EndProject
Project("{9A19103F-16F7-4668-BE54-9A1E7A4F7556}") = "Homework.ApplicationLayer", "Homework.ApplicationLayer\Homework.ApplicationLayer.csproj", "{9341628B-291F-4BB7-88A2-373AC165D930}"
EndProject
Project("{9A19103F-16F7-4668-BE54-9A1E7A4F7556}") = "Homework.ApplicationLayer.RabbitMQ.Consumer", "Homework.ApplicationLayer.RabbitMQ.Consumer\Homework.ApplicationLayer.RabbitMQ.Consumer.csproj", "{52D2388E-71A4-4050-93D9-1A407DE5D2D6}"
EndProject
Project("{9A19103F-16F7-4668-BE54-9A1E7A4F7556}") = "Homework.ApplicationLayer.RabbitMQ.Producer", "Homework.ApplicationLayer.RabbitMQ.Producer\Homework.ApplicationLayer.RabbitMQ.Producer.csproj", "{00C68F75-2800-42E4-8208-2686B247E203}"
EndProject
Project("{2150E333-8FDC-42A3-9474-1A3956D46DE8}") = "6-Presentation", "6-Presentation", "{E0ECC1AA-7A88-472A-87D3-61843F1E9155}"
EndProject
Project("{9A19103F-16F7-4668-BE54-9A1E7A4F7556}") = "Homework.PresentationLayer.RabbitMQ.Consumer", "Homework.PresentationLayer.RabbitMQ.Consumer\Homework.PresentationLayer.RabbitMQ.Consumer.csproj", "{154D51DB-3128-4FA9-902F-CF49911442B5}"
EndProject
Project("{9A19103F-16F7-4668-BE54-9A1E7A4F7556}") = "Homework.PresentationLayer.RabbitMQ.Producer", "Homework.PresentationLayer.RabbitMQ.Producer\Homework.PresentationLayer.RabbitMQ.Producer.csproj", "{6E55FFC3-14AB-46D3-B478-F7F34296997A}"
EndProject
Project("{2150E333-8FDC-42A3-9474-1A3956D46DE8}") = "3-DataAccessLayer", "3-DataAccessLayer", "{B15528C9-1F4B-436D-8CA2-40CF861D3B2A}"
EndProject
Project("{9A19103F-16F7-4668-BE54-9A1E7A4F7556}") = "Homework.DataAccessLayer.Database", "Homework.DataAccessLayer.Database\Homework.DataAccessLayer.Database.csproj", "{5F30C7CA-61C4-493C-B6EE-B37481D5887E}"
EndProject
Project("{9A19103F-16F7-4668-BE54-9A1E7A4F7556}") = "Homework.ApplicationLayer.RabbitMQ", "Homework.ApplicationLayer.RabbitMQ\Homework.ApplicationLayer.RabbitMQ.csproj", "{AABFCF94-CA7E-4B18-AE1D-B270B9DE0262}"
EndProject
Global
	GlobalSection(SolutionConfigurationPlatforms) = preSolution
		Debug|Any CPU = Debug|Any CPU
		Release|Any CPU = Release|Any CPU
	EndGlobalSection
	GlobalSection(ProjectConfigurationPlatforms) = postSolution
		{D86FA8B7-15B9-4C8B-89DB-584993AD2338}.Debug|Any CPU.ActiveCfg = Debug|Any CPU
		{D86FA8B7-15B9-4C8B-89DB-584993AD2338}.Debug|Any CPU.Build.0 = Debug|Any CPU
		{D86FA8B7-15B9-4C8B-89DB-584993AD2338}.Release|Any CPU.ActiveCfg = Release|Any CPU
		{D86FA8B7-15B9-4C8B-89DB-584993AD2338}.Release|Any CPU.Build.0 = Release|Any CPU
		{7385F524-BF1E-4C5F-BA3E-F8FC85ED110E}.Debug|Any CPU.ActiveCfg = Debug|Any CPU
		{7385F524-BF1E-4C5F-BA3E-F8FC85ED110E}.Debug|Any CPU.Build.0 = Debug|Any CPU
		{7385F524-BF1E-4C5F-BA3E-F8FC85ED110E}.Release|Any CPU.ActiveCfg = Release|Any CPU
		{7385F524-BF1E-4C5F-BA3E-F8FC85ED110E}.Release|Any CPU.Build.0 = Release|Any CPU
		{9341628B-291F-4BB7-88A2-373AC165D930}.Debug|Any CPU.ActiveCfg = Debug|Any CPU
		{9341628B-291F-4BB7-88A2-373AC165D930}.Debug|Any CPU.Build.0 = Debug|Any CPU
		{9341628B-291F-4BB7-88A2-373AC165D930}.Release|Any CPU.ActiveCfg = Release|Any CPU
		{9341628B-291F-4BB7-88A2-373AC165D930}.Release|Any CPU.Build.0 = Release|Any CPU
		{52D2388E-71A4-4050-93D9-1A407DE5D2D6}.Debug|Any CPU.ActiveCfg = Debug|Any CPU
		{52D2388E-71A4-4050-93D9-1A407DE5D2D6}.Debug|Any CPU.Build.0 = Debug|Any CPU
		{52D2388E-71A4-4050-93D9-1A407DE5D2D6}.Release|Any CPU.ActiveCfg = Release|Any CPU
		{52D2388E-71A4-4050-93D9-1A407DE5D2D6}.Release|Any CPU.Build.0 = Release|Any CPU
		{00C68F75-2800-42E4-8208-2686B247E203}.Debug|Any CPU.ActiveCfg = Debug|Any CPU
		{00C68F75-2800-42E4-8208-2686B247E203}.Debug|Any CPU.Build.0 = Debug|Any CPU
		{00C68F75-2800-42E4-8208-2686B247E203}.Release|Any CPU.ActiveCfg = Release|Any CPU
		{00C68F75-2800-42E4-8208-2686B247E203}.Release|Any CPU.Build.0 = Release|Any CPU
		{154D51DB-3128-4FA9-902F-CF49911442B5}.Debug|Any CPU.ActiveCfg = Debug|Any CPU
		{154D51DB-3128-4FA9-902F-CF49911442B5}.Debug|Any CPU.Build.0 = Debug|Any CPU
		{154D51DB-3128-4FA9-902F-CF49911442B5}.Release|Any CPU.ActiveCfg = Release|Any CPU
		{154D51DB-3128-4FA9-902F-CF49911442B5}.Release|Any CPU.Build.0 = Release|Any CPU
		{6E55FFC3-14AB-46D3-B478-F7F34296997A}.Debug|Any CPU.ActiveCfg = Debug|Any CPU
		{6E55FFC3-14AB-46D3-B478-F7F34296997A}.Debug|Any CPU.Build.0 = Debug|Any CPU
		{6E55FFC3-14AB-46D3-B478-F7F34296997A}.Release|Any CPU.ActiveCfg = Release|Any CPU
		{6E55FFC3-14AB-46D3-B478-F7F34296997A}.Release|Any CPU.Build.0 = Release|Any CPU
		{5F30C7CA-61C4-493C-B6EE-B37481D5887E}.Debug|Any CPU.ActiveCfg = Debug|Any CPU
		{5F30C7CA-61C4-493C-B6EE-B37481D5887E}.Debug|Any CPU.Build.0 = Debug|Any CPU
		{5F30C7CA-61C4-493C-B6EE-B37481D5887E}.Release|Any CPU.ActiveCfg = Release|Any CPU
		{5F30C7CA-61C4-493C-B6EE-B37481D5887E}.Release|Any CPU.Build.0 = Release|Any CPU
		{AABFCF94-CA7E-4B18-AE1D-B270B9DE0262}.Debug|Any CPU.ActiveCfg = Debug|Any CPU
		{AABFCF94-CA7E-4B18-AE1D-B270B9DE0262}.Debug|Any CPU.Build.0 = Debug|Any CPU
		{AABFCF94-CA7E-4B18-AE1D-B270B9DE0262}.Release|Any CPU.ActiveCfg = Release|Any CPU
		{AABFCF94-CA7E-4B18-AE1D-B270B9DE0262}.Release|Any CPU.Build.0 = Release|Any CPU
	EndGlobalSection
	GlobalSection(SolutionProperties) = preSolution
		HideSolutionNode = FALSE
	EndGlobalSection
	GlobalSection(NestedProjects) = preSolution
		{D86FA8B7-15B9-4C8B-89DB-584993AD2338} = {55681B61-516B-4E35-A5D8-6A8BC09415C5}
		{7385F524-BF1E-4C5F-BA3E-F8FC85ED110E} = {FD260094-59F9-430B-8D09-77241E8EB037}
		{9341628B-291F-4BB7-88A2-373AC165D930} = {D57C9F6A-BB25-4F58-B608-EAC917512697}
		{52D2388E-71A4-4050-93D9-1A407DE5D2D6} = {D57C9F6A-BB25-4F58-B608-EAC917512697}
		{00C68F75-2800-42E4-8208-2686B247E203} = {D57C9F6A-BB25-4F58-B608-EAC917512697}
		{154D51DB-3128-4FA9-902F-CF49911442B5} = {E0ECC1AA-7A88-472A-87D3-61843F1E9155}
		{6E55FFC3-14AB-46D3-B478-F7F34296997A} = {E0ECC1AA-7A88-472A-87D3-61843F1E9155}
		{5F30C7CA-61C4-493C-B6EE-B37481D5887E} = {B15528C9-1F4B-436D-8CA2-40CF861D3B2A}
		{AABFCF94-CA7E-4B18-AE1D-B270B9DE0262} = {D57C9F6A-BB25-4F58-B608-EAC917512697}
	EndGlobalSection
	GlobalSection(ExtensibilityGlobals) = postSolution
		SolutionGuid = {B1725162-DA0C-4D52-9A13-9CE019DF3C1A}
	EndGlobalSection
EndGlobal
